
Microsoft Visual Studio Solution File, Format Version 12.00
# Visual Studio Version 17
VisualStudioVersion = 17.3.32819.101
MinimumVisualStudioVersion = 10.0.40219.1
Project("{FAE04EC0-301F-11D3-BF4B-00C04F79EFBC}") = "Numeric", "Numeric\Numeric.csproj", "{EB9A3569-639E-45F3-BC97-BF61178BBDAE}"
EndProject
Global
	GlobalSection(SolutionConfigurationPlatforms) = preSolution
		Debug|Any CPU = Debug|Any CPU
		Release|Any CPU = Release|Any CPU
	EndGlobalSection
	GlobalSection(ProjectConfigurationPlatforms) = postSolution
		{EB9A3569-639E-45F3-BC97-BF61178BBDAE}.Debug|Any CPU.ActiveCfg = Debug|Any CPU
		{EB9A3569-639E-45F3-BC97-BF61178BBDAE}.Debug|Any CPU.Build.0 = Debug|Any CPU
		{EB9A3569-639E-45F3-BC97-BF61178BBDAE}.Release|Any CPU.ActiveCfg = Release|Any CPU
		{EB9A3569-639E-45F3-BC97-BF61178BBDAE}.Release|Any CPU.Build.0 = Release|Any CPU
	EndGlobalSection
	GlobalSection(SolutionProperties) = preSolution
		HideSolutionNode = FALSE
	EndGlobalSection
	GlobalSection(ExtensibilityGlobals) = postSolution
		SolutionGuid = {DE72DB5F-597D-4EEA-907E-0A4B2DE42739}
	EndGlobalSection
EndGlobal
